// !$*UTF8*$!
{
	archiveVersion = 1;
	classes = {
	};
	objectVersion = 50;
	objects = {

/* Begin PBXBuildFile section */
		5D1812662147B8730046EEFE /* GrammarSlider.cpp in Sources */ = {isa = PBXBuildFile; fileRef = 5D1812642147B8730046EEFE /* GrammarSlider.cpp */; };
		5D1D744E211B522900AE8908 /* Table.cpp in Sources */ = {isa = PBXBuildFile; fileRef = 5D1D744C211B522900AE8908 /* Table.cpp */; };
		5D1D7451211B524900AE8908 /* TableGenerator.cpp in Sources */ = {isa = PBXBuildFile; fileRef = 5D1D744F211B524900AE8908 /* TableGenerator.cpp */; };
		5D1D7454211B526200AE8908 /* GrammarParser.cpp in Sources */ = {isa = PBXBuildFile; fileRef = 5D1D7452211B526200AE8908 /* GrammarParser.cpp */; };
		5D72E7D7211AED58004D01D8 /* main.cpp in Sources */ = {isa = PBXBuildFile; fileRef = 5D72E7D6211AED58004D01D8 /* main.cpp */; };
/* End PBXBuildFile section */

/* Begin PBXCopyFilesBuildPhase section */
		5D72E7D1211AED58004D01D8 /* CopyFiles */ = {
			isa = PBXCopyFilesBuildPhase;
			buildActionMask = 2147483647;
			dstPath = /usr/share/man/man1/;
			dstSubfolderSpec = 0;
			files = (
			);
			runOnlyForDeploymentPostprocessing = 1;
		};
/* End PBXCopyFilesBuildPhase section */

/* Begin PBXFileReference section */
		5D0897A4211AFEAE003E36FD /* .gitignore */ = {isa = PBXFileReference; lastKnownFileType = text; path = .gitignore; sourceTree = "<group>"; };
		5D0897A5211AFEC4003E36FD /* run.sh */ = {isa = PBXFileReference; lastKnownFileType = text.script.sh; path = run.sh; sourceTree = "<group>"; };
		5D0897A6211AFEFD003E36FD /* input.txt */ = {isa = PBXFileReference; lastKnownFileType = text; path = input.txt; sourceTree = "<group>"; };
		5D1812642147B8730046EEFE /* GrammarSlider.cpp */ = {isa = PBXFileReference; lastKnownFileType = sourcecode.cpp.cpp; path = GrammarSlider.cpp; sourceTree = "<group>"; };
		5D1812652147B8730046EEFE /* GrammarSlider.hpp */ = {isa = PBXFileReference; lastKnownFileType = sourcecode.cpp.h; path = GrammarSlider.hpp; sourceTree = "<group>"; };
		5D1D744C211B522900AE8908 /* Table.cpp */ = {isa = PBXFileReference; lastKnownFileType = sourcecode.cpp.cpp; path = Table.cpp; sourceTree = "<group>"; };
		5D1D744D211B522900AE8908 /* Table.hpp */ = {isa = PBXFileReference; lastKnownFileType = sourcecode.cpp.h; path = Table.hpp; sourceTree = "<group>"; };
		5D1D744F211B524900AE8908 /* TableGenerator.cpp */ = {isa = PBXFileReference; lastKnownFileType = sourcecode.cpp.cpp; path = TableGenerator.cpp; sourceTree = "<group>"; };
		5D1D7450211B524900AE8908 /* TableGenerator.hpp */ = {isa = PBXFileReference; lastKnownFileType = sourcecode.cpp.h; path = TableGenerator.hpp; sourceTree = "<group>"; };
		5D1D7452211B526200AE8908 /* GrammarParser.cpp */ = {isa = PBXFileReference; lastKnownFileType = sourcecode.cpp.cpp; path = GrammarParser.cpp; sourceTree = "<group>"; };
		5D1D7453211B526200AE8908 /* GrammarParser.hpp */ = {isa = PBXFileReference; lastKnownFileType = sourcecode.cpp.h; path = GrammarParser.hpp; sourceTree = "<group>"; };
		5D1D7456211B52A000AE8908 /* GrammarRule.hpp */ = {isa = PBXFileReference; lastKnownFileType = sourcecode.cpp.h; path = GrammarRule.hpp; sourceTree = "<group>"; };
		5D1D7458211B539E00AE8908 /* TableRow.h */ = {isa = PBXFileReference; lastKnownFileType = sourcecode.c.h; path = TableRow.h; sourceTree = "<group>"; };
		5D72E7D3211AED58004D01D8 /* LL */ = {isa = PBXFileReference; explicitFileType = "compiled.mach-o.executable"; includeInIndex = 0; path = LL; sourceTree = BUILT_PRODUCTS_DIR; };
		5D72E7D6211AED58004D01D8 /* main.cpp */ = {isa = PBXFileReference; lastKnownFileType = sourcecode.cpp.cpp; path = main.cpp; sourceTree = "<group>"; };
/* End PBXFileReference section */

/* Begin PBXFrameworksBuildPhase section */
		5D72E7D0211AED58004D01D8 /* Frameworks */ = {
			isa = PBXFrameworksBuildPhase;
			buildActionMask = 2147483647;
			files = (
			);
			runOnlyForDeploymentPostprocessing = 0;
		};
/* End PBXFrameworksBuildPhase section */

/* Begin PBXGroup section */
		5D1812632147B80B0046EEFE /* slider */ = {
			isa = PBXGroup;
			children = (
				5D1812642147B8730046EEFE /* GrammarSlider.cpp */,
				5D1812652147B8730046EEFE /* GrammarSlider.hpp */,
			);
			path = slider;
			sourceTree = "<group>";
		};
		5D72E7CA211AED57004D01D8 = {
			isa = PBXGroup;
			children = (
				5D72E7D5211AED58004D01D8 /* LL */,
				5D72E7D4211AED58004D01D8 /* Products */,
			);
			sourceTree = "<group>";
		};
		5D72E7D4211AED58004D01D8 /* Products */ = {
			isa = PBXGroup;
			children = (
				5D72E7D3211AED58004D01D8 /* LL */,
			);
			name = Products;
			sourceTree = "<group>";
		};
		5D72E7D5211AED58004D01D8 /* LL */ = {
			isa = PBXGroup;
			children = (
				5DCEE0F6211DF664000EEC6A /* ll-generator */,
				5D72E7D6211AED58004D01D8 /* main.cpp */,
				5D0897A4211AFEAE003E36FD /* .gitignore */,
				5D0897A5211AFEC4003E36FD /* run.sh */,
				5D0897A6211AFEFD003E36FD /* input.txt */,
			);
			path = LL;
			sourceTree = "<group>";
		};
		5DCEE0F6211DF664000EEC6A /* ll-generator */ = {
			isa = PBXGroup;
			children = (
				5D1812632147B80B0046EEFE /* slider */,
				5DCEE0F8211DFF2D000EEC6A /* grammar */,
				5DCEE0F7211DF8EE000EEC6A /* table */,
				5D1D744F211B524900AE8908 /* TableGenerator.cpp */,
				5D1D7450211B524900AE8908 /* TableGenerator.hpp */,
			);
			path = "ll-generator";
			sourceTree = "<group>";
		};
		5DCEE0F7211DF8EE000EEC6A /* table */ = {
			isa = PBXGroup;
			children = (
				5D1D7458211B539E00AE8908 /* TableRow.h */,
				5D1D744C211B522900AE8908 /* Table.cpp */,
				5D1D744D211B522900AE8908 /* Table.hpp */,
			);
			path = table;
			sourceTree = "<group>";
		};
		5DCEE0F8211DFF2D000EEC6A /* grammar */ = {
			isa = PBXGroup;
			children = (
				5D1D7452211B526200AE8908 /* GrammarParser.cpp */,
				5D1D7453211B526200AE8908 /* GrammarParser.hpp */,
				5D1D7456211B52A000AE8908 /* GrammarRule.hpp */,
			);
			path = grammar;
			sourceTree = "<group>";
		};
/* End PBXGroup section */

/* Begin PBXNativeTarget section */
		5D72E7D2211AED58004D01D8 /* LL */ = {
			isa = PBXNativeTarget;
			buildConfigurationList = 5D72E7DA211AED58004D01D8 /* Build configuration list for PBXNativeTarget "LL" */;
			buildPhases = (
				5D72E7CF211AED58004D01D8 /* Sources */,
				5D72E7D0211AED58004D01D8 /* Frameworks */,
				5D72E7D1211AED58004D01D8 /* CopyFiles */,
			);
			buildRules = (
			);
			dependencies = (
			);
			name = LL;
			productName = LL;
			productReference = 5D72E7D3211AED58004D01D8 /* LL */;
			productType = "com.apple.product-type.tool";
		};
/* End PBXNativeTarget section */

/* Begin PBXProject section */
		5D72E7CB211AED57004D01D8 /* Project object */ = {
			isa = PBXProject;
			attributes = {
				LastUpgradeCheck = 0940;
				ORGANIZATIONNAME = "Ivan Kalagin";
				TargetAttributes = {
					5D72E7D2211AED58004D01D8 = {
						CreatedOnToolsVersion = 9.4.1;
					};
				};
			};
			buildConfigurationList = 5D72E7CE211AED57004D01D8 /* Build configuration list for PBXProject "LL" */;
			compatibilityVersion = "Xcode 9.3";
			developmentRegion = en;
			hasScannedForEncodings = 0;
			knownRegions = (
				en,
			);
			mainGroup = 5D72E7CA211AED57004D01D8;
			productRefGroup = 5D72E7D4211AED58004D01D8 /* Products */;
			projectDirPath = "";
			projectRoot = "";
			targets = (
				5D72E7D2211AED58004D01D8 /* LL */,
			);
		};
/* End PBXProject section */

/* Begin PBXSourcesBuildPhase section */
		5D72E7CF211AED58004D01D8 /* Sources */ = {
			isa = PBXSourcesBuildPhase;
			buildActionMask = 2147483647;
			files = (
				5D1D744E211B522900AE8908 /* Table.cpp in Sources */,
				5D1812662147B8730046EEFE /* GrammarSlider.cpp in Sources */,
				5D72E7D7211AED58004D01D8 /* main.cpp in Sources */,
				5D1D7451211B524900AE8908 /* TableGenerator.cpp in Sources */,
				5D1D7454211B526200AE8908 /* GrammarParser.cpp in Sources */,
			);
			runOnlyForDeploymentPostprocessing = 0;
		};
/* End PBXSourcesBuildPhase section */

/* Begin XCBuildConfiguration section */
		5D72E7D8211AED58004D01D8 /* Debug */ = {
			isa = XCBuildConfiguration;
			buildSettings = {
				ALWAYS_SEARCH_USER_PATHS = NO;
				CLANG_ANALYZER_NONNULL = YES;
				CLANG_ANALYZER_NUMBER_OBJECT_CONVERSION = YES_AGGRESSIVE;
				CLANG_CXX_LANGUAGE_STANDARD = "gnu++14";
				CLANG_CXX_LIBRARY = "libc++";
				CLANG_ENABLE_MODULES = YES;
				CLANG_ENABLE_OBJC_ARC = YES;
				CLANG_ENABLE_OBJC_WEAK = YES;
				CLANG_WARN_BLOCK_CAPTURE_AUTORELEASING = YES;
				CLANG_WARN_BOOL_CONVERSION = YES;
				CLANG_WARN_COMMA = YES;
				CLANG_WARN_CONSTANT_CONVERSION = YES;
				CLANG_WARN_DEPRECATED_OBJC_IMPLEMENTATIONS = YES;
				CLANG_WARN_DIRECT_OBJC_ISA_USAGE = YES_ERROR;
				CLANG_WARN_DOCUMENTATION_COMMENTS = YES;
				CLANG_WARN_EMPTY_BODY = YES;
				CLANG_WARN_ENUM_CONVERSION = YES;
				CLANG_WARN_INFINITE_RECURSION = YES;
				CLANG_WARN_INT_CONVERSION = YES;
				CLANG_WARN_NON_LITERAL_NULL_CONVERSION = YES;
				CLANG_WARN_OBJC_IMPLICIT_RETAIN_SELF = YES;
				CLANG_WARN_OBJC_LITERAL_CONVERSION = YES;
				CLANG_WARN_OBJC_ROOT_CLASS = YES_ERROR;
				CLANG_WARN_RANGE_LOOP_ANALYSIS = YES;
				CLANG_WARN_STRICT_PROTOTYPES = YES;
				CLANG_WARN_SUSPICIOUS_MOVE = YES;
				CLANG_WARN_UNGUARDED_AVAILABILITY = YES_AGGRESSIVE;
				CLANG_WARN_UNREACHABLE_CODE = YES;
				CLANG_WARN__DUPLICATE_METHOD_MATCH = YES;
				CODE_SIGN_IDENTITY = "-";
				COPY_PHASE_STRIP = NO;
				DEBUG_INFORMATION_FORMAT = dwarf;
				ENABLE_STRICT_OBJC_MSGSEND = YES;
				ENABLE_TESTABILITY = YES;
				GCC_C_LANGUAGE_STANDARD = gnu11;
				GCC_DYNAMIC_NO_PIC = NO;
				GCC_NO_COMMON_BLOCKS = YES;
				GCC_OPTIMIZATION_LEVEL = 0;
				GCC_PREPROCESSOR_DEFINITIONS = (
					"DEBUG=1",
					"$(inherited)",
				);
				GCC_WARN_64_TO_32_BIT_CONVERSION = YES;
				GCC_WARN_ABOUT_RETURN_TYPE = YES_ERROR;
				GCC_WARN_UNDECLARED_SELECTOR = YES;
				GCC_WARN_UNINITIALIZED_AUTOS = YES_AGGRESSIVE;
				GCC_WARN_UNUSED_FUNCTION = YES;
				GCC_WARN_UNUSED_VARIABLE = YES;
				MACOSX_DEPLOYMENT_TARGET = 10.13;
				MTL_ENABLE_DEBUG_INFO = YES;
				ONLY_ACTIVE_ARCH = YES;
				SDKROOT = macosx;
			};
			name = Debug;
		};
		5D72E7D9211AED58004D01D8 /* Release */ = {
			isa = XCBuildConfiguration;
			buildSettings = {
				ALWAYS_SEARCH_USER_PATHS = NO;
				CLANG_ANALYZER_NONNULL = YES;
				CLANG_ANALYZER_NUMBER_OBJECT_CONVERSION = YES_AGGRESSIVE;
				CLANG_CXX_LANGUAGE_STANDARD = "gnu++14";
				CLANG_CXX_LIBRARY = "libc++";
				CLANG_ENABLE_MODULES = YES;
				CLANG_ENABLE_OBJC_ARC = YES;
				CLANG_ENABLE_OBJC_WEAK = YES;
				CLANG_WARN_BLOCK_CAPTURE_AUTORELEASING = YES;
				CLANG_WARN_BOOL_CONVERSION = YES;
				CLANG_WARN_COMMA = YES;
				CLANG_WARN_CONSTANT_CONVERSION = YES;
				CLANG_WARN_DEPRECATED_OBJC_IMPLEMENTATIONS = YES;
				CLANG_WARN_DIRECT_OBJC_ISA_USAGE = YES_ERROR;
				CLANG_WARN_DOCUMENTATION_COMMENTS = YES;
				CLANG_WARN_EMPTY_BODY = YES;
				CLANG_WARN_ENUM_CONVERSION = YES;
				CLANG_WARN_INFINITE_RECURSION = YES;
				CLANG_WARN_INT_CONVERSION = YES;
				CLANG_WARN_NON_LITERAL_NULL_CONVERSION = YES;
				CLANG_WARN_OBJC_IMPLICIT_RETAIN_SELF = YES;
				CLANG_WARN_OBJC_LITERAL_CONVERSION = YES;
				CLANG_WARN_OBJC_ROOT_CLASS = YES_ERROR;
				CLANG_WARN_RANGE_LOOP_ANALYSIS = YES;
				CLANG_WARN_STRICT_PROTOTYPES = YES;
				CLANG_WARN_SUSPICIOUS_MOVE = YES;
				CLANG_WARN_UNGUARDED_AVAILABILITY = YES_AGGRESSIVE;
				CLANG_WARN_UNREACHABLE_CODE = YES;
				CLANG_WARN__DUPLICATE_METHOD_MATCH = YES;
				CODE_SIGN_IDENTITY = "-";
				COPY_PHASE_STRIP = NO;
				DEBUG_INFORMATION_FORMAT = "dwarf-with-dsym";
				ENABLE_NS_ASSERTIONS = NO;
				ENABLE_STRICT_OBJC_MSGSEND = YES;
				GCC_C_LANGUAGE_STANDARD = gnu11;
				GCC_NO_COMMON_BLOCKS = YES;
				GCC_WARN_64_TO_32_BIT_CONVERSION = YES;
				GCC_WARN_ABOUT_RETURN_TYPE = YES_ERROR;
				GCC_WARN_UNDECLARED_SELECTOR = YES;
				GCC_WARN_UNINITIALIZED_AUTOS = YES_AGGRESSIVE;
				GCC_WARN_UNUSED_FUNCTION = YES;
				GCC_WARN_UNUSED_VARIABLE = YES;
				MACOSX_DEPLOYMENT_TARGET = 10.13;
				MTL_ENABLE_DEBUG_INFO = NO;
				SDKROOT = macosx;
			};
			name = Release;
		};
		5D72E7DB211AED58004D01D8 /* Debug */ = {
			isa = XCBuildConfiguration;
			buildSettings = {
				ALWAYS_SEARCH_USER_PATHS = YES;
				CODE_SIGN_STYLE = Automatic;
				HEADER_SEARCH_PATHS = /usr/local/Cellar/boost_1_67_0/include/;
				LIBRARY_SEARCH_PATHS = /usr/local/Cellar/boost_1_67_0/lib/;
				OTHER_LDFLAGS = "-lboost_regex";
				PRODUCT_NAME = "$(TARGET_NAME)";
			};
			name = Debug;
		};
		5D72E7DC211AED58004D01D8 /* Release */ = {
			isa = XCBuildConfiguration;
			buildSettings = {
				ALWAYS_SEARCH_USER_PATHS = YES;
				CODE_SIGN_STYLE = Automatic;
				HEADER_SEARCH_PATHS = /usr/local/Cellar/boost_1_67_0/include/;
				LIBRARY_SEARCH_PATHS = /usr/local/Cellar/boost_1_67_0/lib/;
				OTHER_LDFLAGS = "-lboost_regex";
				PRODUCT_NAME = "$(TARGET_NAME)";
			};
			name = Release;
		};
/* End XCBuildConfiguration section */

/* Begin XCConfigurationList section */
		5D72E7CE211AED57004D01D8 /* Build configuration list for PBXProject "LL" */ = {
			isa = XCConfigurationList;
			buildConfigurations = (
				5D72E7D8211AED58004D01D8 /* Debug */,
				5D72E7D9211AED58004D01D8 /* Release */,
			);
			defaultConfigurationIsVisible = 0;
			defaultConfigurationName = Release;
		};
		5D72E7DA211AED58004D01D8 /* Build configuration list for PBXNativeTarget "LL" */ = {
			isa = XCConfigurationList;
			buildConfigurations = (
				5D72E7DB211AED58004D01D8 /* Debug */,
				5D72E7DC211AED58004D01D8 /* Release */,
			);
			defaultConfigurationIsVisible = 0;
			defaultConfigurationName = Release;
		};
/* End XCConfigurationList section */
	};
	rootObject = 5D72E7CB211AED57004D01D8 /* Project object */;
}
